// !$*UTF8*$!
{
	archiveVersion = 1;
	classes = {
	};
	objectVersion = 50;
	objects = {

/* Begin PBXBuildFile section */
		2C371FE321FB8A6100CDC8A5 /* AppDelegate.swift in Sources */ = {isa = PBXBuildFile; fileRef = 2C371FE221FB8A6100CDC8A5 /* AppDelegate.swift */; };
		2C371FE821FB8A6100CDC8A5 /* Main.storyboard in Resources */ = {isa = PBXBuildFile; fileRef = 2C371FE621FB8A6100CDC8A5 /* Main.storyboard */; };
		2C371FED21FB8A6700CDC8A5 /* LaunchScreen.storyboard in Resources */ = {isa = PBXBuildFile; fileRef = 2C371FEB21FB8A6700CDC8A5 /* LaunchScreen.storyboard */; };
		2C37200321FB8A6700CDC8A5 /* AliexpressUITests.swift in Sources */ = {isa = PBXBuildFile; fileRef = 2C37200221FB8A6700CDC8A5 /* AliexpressUITests.swift */; };
		2C9E3B9221FB916D009E696B /* Assets.xcassets in Resources */ = {isa = PBXBuildFile; fileRef = 2C9E3B9121FB916D009E696B /* Assets.xcassets */; };
		2C9E3B9621FB9198009E696B /* Storyboards.swift in Sources */ = {isa = PBXBuildFile; fileRef = 2C9E3B9421FB9197009E696B /* Storyboards.swift */; };
		2C9E3B9721FB9198009E696B /* GeneratedAssets.swift in Sources */ = {isa = PBXBuildFile; fileRef = 2C9E3B9521FB9197009E696B /* GeneratedAssets.swift */; };
		2CB3A32C21FBA62B00E82209 /* CategoriesRepository.swift in Sources */ = {isa = PBXBuildFile; fileRef = 2CB3A32B21FBA62B00E82209 /* CategoriesRepository.swift */; };
		2CB3A32E21FBA95400E82209 /* CategoriesRepositoryInput.swift in Sources */ = {isa = PBXBuildFile; fileRef = 2CB3A32D21FBA95400E82209 /* CategoriesRepositoryInput.swift */; };
		2CB3A33221FBA9FF00E82209 /* CategoriesRepositoryTests.swift in Sources */ = {isa = PBXBuildFile; fileRef = 2CB3A33121FBA9FF00E82209 /* CategoriesRepositoryTests.swift */; };
		2CB3A33421FBAB4F00E82209 /* CategoriesRepositoryResponseProtocol.swift in Sources */ = {isa = PBXBuildFile; fileRef = 2CB3A33321FBAB4F00E82209 /* CategoriesRepositoryResponseProtocol.swift */; };
		2CB3A33621FBABDF00E82209 /* CategoriesRepositoryError.swift in Sources */ = {isa = PBXBuildFile; fileRef = 2CB3A33521FBABDF00E82209 /* CategoriesRepositoryError.swift */; };
		2CB3A34421FBBA9A00E82209 /* products-list-mock.json in Resources */ = {isa = PBXBuildFile; fileRef = 2CB3A34321FBBA9A00E82209 /* products-list-mock.json */; };
		2CB3A34621FBBAE500E82209 /* product-item-mock.json in Resources */ = {isa = PBXBuildFile; fileRef = 2CB3A34521FBBAE500E82209 /* product-item-mock.json */; };
		2CB3A34821FBBB6B00E82209 /* ProductItem.swift in Sources */ = {isa = PBXBuildFile; fileRef = 2CB3A34721FBBB6B00E82209 /* ProductItem.swift */; };
		2CB3A34A21FBBE0100E82209 /* ProductPrice.swift in Sources */ = {isa = PBXBuildFile; fileRef = 2CB3A34921FBBE0100E82209 /* ProductPrice.swift */; };
		2CB3A34E21FBBE5900E82209 /* ProductItemTests.swift in Sources */ = {isa = PBXBuildFile; fileRef = 2CB3A34D21FBBE5900E82209 /* ProductItemTests.swift */; };
		2CB3A35021FBBEB700E82209 /* File.swift in Sources */ = {isa = PBXBuildFile; fileRef = 2CB3A34F21FBBEB700E82209 /* File.swift */; };
		2CB3A35221FBC27B00E82209 /* ProductPriceTests.swift in Sources */ = {isa = PBXBuildFile; fileRef = 2CB3A35121FBC27B00E82209 /* ProductPriceTests.swift */; };
		2CB3A35421FBC2A900E82209 /* product-price-mock.json in Resources */ = {isa = PBXBuildFile; fileRef = 2CB3A35321FBC2A900E82209 /* product-price-mock.json */; };
		2CB3A35621FBC34700E82209 /* ProductAggregation.swift in Sources */ = {isa = PBXBuildFile; fileRef = 2CB3A35521FBC34700E82209 /* ProductAggregation.swift */; };
		2CB3A35821FBC3EB00E82209 /* ProductAggregationTests.swift in Sources */ = {isa = PBXBuildFile; fileRef = 2CB3A35721FBC3EB00E82209 /* ProductAggregationTests.swift */; };
		2CB3A35A21FBC43300E82209 /* product-aggregation-mock.json in Resources */ = {isa = PBXBuildFile; fileRef = 2CB3A35921FBC43300E82209 /* product-aggregation-mock.json */; };
		2CB3A35C21FBC62D00E82209 /* ProductsList.swift in Sources */ = {isa = PBXBuildFile; fileRef = 2CB3A35B21FBC62D00E82209 /* ProductsList.swift */; };
		2CB3A36021FBC73D00E82209 /* ProductsListTests.swift in Sources */ = {isa = PBXBuildFile; fileRef = 2CB3A35F21FBC73D00E82209 /* ProductsListTests.swift */; };
		2CB3A36421FBCC7500E82209 /* ProductsListRepositoryTests.swift in Sources */ = {isa = PBXBuildFile; fileRef = 2CB3A36321FBCC7500E82209 /* ProductsListRepositoryTests.swift */; };
		2CB3A36621FBCDC400E82209 /* ApiConnector.swift in Sources */ = {isa = PBXBuildFile; fileRef = 2CB3A36521FBCDC400E82209 /* ApiConnector.swift */; };
		2CB3A36B21FBD44400E82209 /* ProductsListRepository.swift in Sources */ = {isa = PBXBuildFile; fileRef = 2CB3A36A21FBD44400E82209 /* ProductsListRepository.swift */; };
		2CB3A36D21FBD45200E82209 /* ProductsListRepositoryInput.swift in Sources */ = {isa = PBXBuildFile; fileRef = 2CB3A36C21FBD45200E82209 /* ProductsListRepositoryInput.swift */; };
		2CB3A36F21FBD49A00E82209 /* ProductsListRepositoryResponseProtocol.swift in Sources */ = {isa = PBXBuildFile; fileRef = 2CB3A36E21FBD49A00E82209 /* ProductsListRepositoryResponseProtocol.swift */; };
		2CB3A37121FBD4CE00E82209 /* ProductsListRepositoryError.swift in Sources */ = {isa = PBXBuildFile; fileRef = 2CB3A37021FBD4CE00E82209 /* ProductsListRepositoryError.swift */; };
		2CB3A37321FBFD0A00E82209 /* error-mock.json in Resources */ = {isa = PBXBuildFile; fileRef = 2CB3A37221FBFD0A00E82209 /* error-mock.json */; };
		2CB3A37521FC1D2700E82209 /* Router.swift in Sources */ = {isa = PBXBuildFile; fileRef = 2CB3A37421FC1D2700E82209 /* Router.swift */; };
		2CB3A37721FC1E3900E82209 /* ProductsListPresenter.swift in Sources */ = {isa = PBXBuildFile; fileRef = 2CB3A37621FC1E3900E82209 /* ProductsListPresenter.swift */; };
		2CB3A37921FC1F4400E82209 /* ProductsListInteractor.swift in Sources */ = {isa = PBXBuildFile; fileRef = 2CB3A37821FC1F4400E82209 /* ProductsListInteractor.swift */; };
		2CB3A37B21FC201200E82209 /* AliexpressApiConnector.swift in Sources */ = {isa = PBXBuildFile; fileRef = 2CB3A37A21FC201200E82209 /* AliexpressApiConnector.swift */; };
		2CB3A37D21FC2B6900E82209 /* CategoriesViewController.swift in Sources */ = {isa = PBXBuildFile; fileRef = 2CB3A37C21FC2B6900E82209 /* CategoriesViewController.swift */; };
		2CB3A38121FC2BAA00E82209 /* CategoriesInteractor.swift in Sources */ = {isa = PBXBuildFile; fileRef = 2CB3A38021FC2BAA00E82209 /* CategoriesInteractor.swift */; };
		2CB3A38321FC2BB800E82209 /* CategoriesInteractorInput.swift in Sources */ = {isa = PBXBuildFile; fileRef = 2CB3A38221FC2BB800E82209 /* CategoriesInteractorInput.swift */; };
		2CB3A38521FC2BC300E82209 /* CategoriesInteractorOutput.swift in Sources */ = {isa = PBXBuildFile; fileRef = 2CB3A38421FC2BC300E82209 /* CategoriesInteractorOutput.swift */; };
		2CB3A38721FC393A00E82209 /* CategoriesPresenter.swift in Sources */ = {isa = PBXBuildFile; fileRef = 2CB3A38621FC393900E82209 /* CategoriesPresenter.swift */; };
		2CB3A38921FC394C00E82209 /* CategoriesPresenterInput.swift in Sources */ = {isa = PBXBuildFile; fileRef = 2CB3A38821FC394C00E82209 /* CategoriesPresenterInput.swift */; };
		2CB3A38B21FC395C00E82209 /* CategoriesPresenterOutput.swift in Sources */ = {isa = PBXBuildFile; fileRef = 2CB3A38A21FC395C00E82209 /* CategoriesPresenterOutput.swift */; };
		2CB3A38D21FC402400E82209 /* CategoryTableViewCell.swift in Sources */ = {isa = PBXBuildFile; fileRef = 2CB3A38C21FC402400E82209 /* CategoryTableViewCell.swift */; };
		2CB3A39021FC7EB500E82209 /* GeneratedLocalizableStrings.swift in Sources */ = {isa = PBXBuildFile; fileRef = 2CB3A38F21FC7EB400E82209 /* GeneratedLocalizableStrings.swift */; };
		2CB3A39221FC80FD00E82209 /* String+ NSLocalizedString.swift in Sources */ = {isa = PBXBuildFile; fileRef = 2CB3A39121FC80FD00E82209 /* String+ NSLocalizedString.swift */; };
		2CB3A39421FC86E500E82209 /* ProductsListViewController.swift in Sources */ = {isa = PBXBuildFile; fileRef = 2CB3A39321FC86E500E82209 /* ProductsListViewController.swift */; };
		2CB3A39621FC8A8600E82209 /* ProductCollectionViewCell.swift in Sources */ = {isa = PBXBuildFile; fileRef = 2CB3A39521FC8A8600E82209 /* ProductCollectionViewCell.swift */; };
		2CB3A39821FC8BB900E82209 /* ImageLoader.swift in Sources */ = {isa = PBXBuildFile; fileRef = 2CB3A39721FC8BB900E82209 /* ImageLoader.swift */; };
		2CB3A39A21FC8CBB00E82209 /* AliexpressImageLoader.swift in Sources */ = {isa = PBXBuildFile; fileRef = 2CB3A39921FC8CBB00E82209 /* AliexpressImageLoader.swift */; };
		2CB3A39F21FCA49300E82209 /* ProductsListInteractorOutput.swift in Sources */ = {isa = PBXBuildFile; fileRef = 2CB3A39E21FCA49300E82209 /* ProductsListInteractorOutput.swift */; };
		2CB3A3A121FCA59700E82209 /* ProductsListInteractorInput.swift in Sources */ = {isa = PBXBuildFile; fileRef = 2CB3A3A021FCA59700E82209 /* ProductsListInteractorInput.swift */; };
		2CB3A3A421FCD57500E82209 /* RouterInput.swift in Sources */ = {isa = PBXBuildFile; fileRef = 2CB3A3A321FCD57500E82209 /* RouterInput.swift */; };
		2CB3A3A621FCD71900E82209 /* Mocks.swift in Sources */ = {isa = PBXBuildFile; fileRef = 2CB3A3A521FCD71900E82209 /* Mocks.swift */; };
		2CB3A3AA21FCE37200E82209 /* ProductsListPresenterOutput.swift in Sources */ = {isa = PBXBuildFile; fileRef = 2CB3A3A921FCE37200E82209 /* ProductsListPresenterOutput.swift */; };
		2CB3A3AC21FCE38F00E82209 /* ProductsListPresenterInput.swift in Sources */ = {isa = PBXBuildFile; fileRef = 2CB3A3AB21FCE38F00E82209 /* ProductsListPresenterInput.swift */; };
		2CB3A3AE21FCFBD100E82209 /* ProductsListInteractorTests.swift in Sources */ = {isa = PBXBuildFile; fileRef = 2CB3A3AD21FCFBD100E82209 /* ProductsListInteractorTests.swift */; };
		2CDF2C6021FB90E6000A7221 /* Aliexpress-localizable.strings in Resources */ = {isa = PBXBuildFile; fileRef = 2CDF2C5F21FB90E6000A7221 /* Aliexpress-localizable.strings */; };
		396AB48AED5061230F4B3CBF /* libPods-Aliexpress-AliexpressTests.a in Frameworks */ = {isa = PBXBuildFile; fileRef = 1040050AE16921D5EBB835E0 /* libPods-Aliexpress-AliexpressTests.a */; };
		A44572E260617A32B771EC9A /* libPods-AliexpressUITests.a in Frameworks */ = {isa = PBXBuildFile; fileRef = 756533B713FC5D6DC0351575 /* libPods-AliexpressUITests.a */; };
		BAC71AA4E01868902763A748 /* libPods-Aliexpress.a in Frameworks */ = {isa = PBXBuildFile; fileRef = 72CFBDE6DE4C7520E250805E /* libPods-Aliexpress.a */; };
/* End PBXBuildFile section */

/* Begin PBXContainerItemProxy section */
		2C371FF421FB8A6700CDC8A5 /* PBXContainerItemProxy */ = {
			isa = PBXContainerItemProxy;
			containerPortal = 2C371FD721FB8A6100CDC8A5 /* Project object */;
			proxyType = 1;
			remoteGlobalIDString = 2C371FDE21FB8A6100CDC8A5;
			remoteInfo = Aliexpress;
		};
		2C371FFF21FB8A6700CDC8A5 /* PBXContainerItemProxy */ = {
			isa = PBXContainerItemProxy;
			containerPortal = 2C371FD721FB8A6100CDC8A5 /* Project object */;
			proxyType = 1;
			remoteGlobalIDString = 2C371FDE21FB8A6100CDC8A5;
			remoteInfo = Aliexpress;
		};
/* End PBXContainerItemProxy section */

/* Begin PBXFileReference section */
		06F0536E0E4B9FC56BDB13E2 /* Pods-AliexpressUITests.release.xcconfig */ = {isa = PBXFileReference; includeInIndex = 1; lastKnownFileType = text.xcconfig; name = "Pods-AliexpressUITests.release.xcconfig"; path = "Pods/Target Support Files/Pods-AliexpressUITests/Pods-AliexpressUITests.release.xcconfig"; sourceTree = "<group>"; };
		0F99AC55327CB9750DE7EDFD /* Pods-Aliexpress-AliexpressTests.debug.xcconfig */ = {isa = PBXFileReference; includeInIndex = 1; lastKnownFileType = text.xcconfig; name = "Pods-Aliexpress-AliexpressTests.debug.xcconfig"; path = "Pods/Target Support Files/Pods-Aliexpress-AliexpressTests/Pods-Aliexpress-AliexpressTests.debug.xcconfig"; sourceTree = "<group>"; };
		1040050AE16921D5EBB835E0 /* libPods-Aliexpress-AliexpressTests.a */ = {isa = PBXFileReference; explicitFileType = archive.ar; includeInIndex = 0; path = "libPods-Aliexpress-AliexpressTests.a"; sourceTree = BUILT_PRODUCTS_DIR; };
		2C371FDF21FB8A6100CDC8A5 /* Aliexpress.app */ = {isa = PBXFileReference; explicitFileType = wrapper.application; includeInIndex = 0; path = Aliexpress.app; sourceTree = BUILT_PRODUCTS_DIR; };
		2C371FE221FB8A6100CDC8A5 /* AppDelegate.swift */ = {isa = PBXFileReference; lastKnownFileType = sourcecode.swift; path = AppDelegate.swift; sourceTree = "<group>"; };
		2C371FE721FB8A6100CDC8A5 /* Base */ = {isa = PBXFileReference; lastKnownFileType = file.storyboard; name = Base; path = Base.lproj/Main.storyboard; sourceTree = "<group>"; };
		2C371FEC21FB8A6700CDC8A5 /* Base */ = {isa = PBXFileReference; lastKnownFileType = file.storyboard; name = Base; path = Base.lproj/LaunchScreen.storyboard; sourceTree = "<group>"; };
		2C371FEE21FB8A6700CDC8A5 /* Info.plist */ = {isa = PBXFileReference; lastKnownFileType = text.plist.xml; path = Info.plist; sourceTree = "<group>"; };
		2C371FF321FB8A6700CDC8A5 /* AliexpressTests.xctest */ = {isa = PBXFileReference; explicitFileType = wrapper.cfbundle; includeInIndex = 0; path = AliexpressTests.xctest; sourceTree = BUILT_PRODUCTS_DIR; };
		2C371FF921FB8A6700CDC8A5 /* Info.plist */ = {isa = PBXFileReference; lastKnownFileType = text.plist.xml; path = Info.plist; sourceTree = "<group>"; };
		2C371FFE21FB8A6700CDC8A5 /* AliexpressUITests.xctest */ = {isa = PBXFileReference; explicitFileType = wrapper.cfbundle; includeInIndex = 0; path = AliexpressUITests.xctest; sourceTree = BUILT_PRODUCTS_DIR; };
		2C37200221FB8A6700CDC8A5 /* AliexpressUITests.swift */ = {isa = PBXFileReference; lastKnownFileType = sourcecode.swift; path = AliexpressUITests.swift; sourceTree = "<group>"; };
		2C37200421FB8A6700CDC8A5 /* Info.plist */ = {isa = PBXFileReference; lastKnownFileType = text.plist.xml; path = Info.plist; sourceTree = "<group>"; };
		2C9E3B9121FB916D009E696B /* Assets.xcassets */ = {isa = PBXFileReference; lastKnownFileType = folder.assetcatalog; path = Assets.xcassets; sourceTree = "<group>"; };
		2C9E3B9421FB9197009E696B /* Storyboards.swift */ = {isa = PBXFileReference; fileEncoding = 4; lastKnownFileType = sourcecode.swift; path = Storyboards.swift; sourceTree = "<group>"; };
		2C9E3B9521FB9197009E696B /* GeneratedAssets.swift */ = {isa = PBXFileReference; fileEncoding = 4; lastKnownFileType = sourcecode.swift; path = GeneratedAssets.swift; sourceTree = "<group>"; };
		2CB3A32B21FBA62B00E82209 /* CategoriesRepository.swift */ = {isa = PBXFileReference; lastKnownFileType = sourcecode.swift; path = CategoriesRepository.swift; sourceTree = "<group>"; };
		2CB3A32D21FBA95400E82209 /* CategoriesRepositoryInput.swift */ = {isa = PBXFileReference; lastKnownFileType = sourcecode.swift; path = CategoriesRepositoryInput.swift; sourceTree = "<group>"; };
		2CB3A33121FBA9FF00E82209 /* CategoriesRepositoryTests.swift */ = {isa = PBXFileReference; lastKnownFileType = sourcecode.swift; path = CategoriesRepositoryTests.swift; sourceTree = "<group>"; };
		2CB3A33321FBAB4F00E82209 /* CategoriesRepositoryResponseProtocol.swift */ = {isa = PBXFileReference; lastKnownFileType = sourcecode.swift; path = CategoriesRepositoryResponseProtocol.swift; sourceTree = "<group>"; };
		2CB3A33521FBABDF00E82209 /* CategoriesRepositoryError.swift */ = {isa = PBXFileReference; lastKnownFileType = sourcecode.swift; path = CategoriesRepositoryError.swift; sourceTree = "<group>"; };
		2CB3A34321FBBA9A00E82209 /* products-list-mock.json */ = {isa = PBXFileReference; fileEncoding = 4; lastKnownFileType = text.json; path = "products-list-mock.json"; sourceTree = "<group>"; };
		2CB3A34521FBBAE500E82209 /* product-item-mock.json */ = {isa = PBXFileReference; fileEncoding = 4; lastKnownFileType = text.json; path = "product-item-mock.json"; sourceTree = "<group>"; };
		2CB3A34721FBBB6B00E82209 /* ProductItem.swift */ = {isa = PBXFileReference; lastKnownFileType = sourcecode.swift; path = ProductItem.swift; sourceTree = "<group>"; };
		2CB3A34921FBBE0100E82209 /* ProductPrice.swift */ = {isa = PBXFileReference; lastKnownFileType = sourcecode.swift; path = ProductPrice.swift; sourceTree = "<group>"; };
		2CB3A34D21FBBE5900E82209 /* ProductItemTests.swift */ = {isa = PBXFileReference; lastKnownFileType = sourcecode.swift; path = ProductItemTests.swift; sourceTree = "<group>"; };
		2CB3A34F21FBBEB700E82209 /* File.swift */ = {isa = PBXFileReference; lastKnownFileType = sourcecode.swift; path = File.swift; sourceTree = "<group>"; };
		2CB3A35121FBC27B00E82209 /* ProductPriceTests.swift */ = {isa = PBXFileReference; lastKnownFileType = sourcecode.swift; path = ProductPriceTests.swift; sourceTree = "<group>"; };
		2CB3A35321FBC2A900E82209 /* product-price-mock.json */ = {isa = PBXFileReference; fileEncoding = 4; lastKnownFileType = text.json; path = "product-price-mock.json"; sourceTree = "<group>"; };
		2CB3A35521FBC34700E82209 /* ProductAggregation.swift */ = {isa = PBXFileReference; lastKnownFileType = sourcecode.swift; path = ProductAggregation.swift; sourceTree = "<group>"; };
		2CB3A35721FBC3EB00E82209 /* ProductAggregationTests.swift */ = {isa = PBXFileReference; fileEncoding = 4; lastKnownFileType = sourcecode.swift; path = ProductAggregationTests.swift; sourceTree = "<group>"; };
		2CB3A35921FBC43300E82209 /* product-aggregation-mock.json */ = {isa = PBXFileReference; fileEncoding = 4; lastKnownFileType = text.json; path = "product-aggregation-mock.json"; sourceTree = "<group>"; };
		2CB3A35B21FBC62D00E82209 /* ProductsList.swift */ = {isa = PBXFileReference; lastKnownFileType = sourcecode.swift; path = ProductsList.swift; sourceTree = "<group>"; };
		2CB3A35F21FBC73D00E82209 /* ProductsListTests.swift */ = {isa = PBXFileReference; lastKnownFileType = sourcecode.swift; path = ProductsListTests.swift; sourceTree = "<group>"; };
		2CB3A36321FBCC7500E82209 /* ProductsListRepositoryTests.swift */ = {isa = PBXFileReference; lastKnownFileType = sourcecode.swift; path = ProductsListRepositoryTests.swift; sourceTree = "<group>"; };
		2CB3A36521FBCDC400E82209 /* ApiConnector.swift */ = {isa = PBXFileReference; lastKnownFileType = sourcecode.swift; path = ApiConnector.swift; sourceTree = "<group>"; };
		2CB3A36A21FBD44400E82209 /* ProductsListRepository.swift */ = {isa = PBXFileReference; lastKnownFileType = sourcecode.swift; path = ProductsListRepository.swift; sourceTree = "<group>"; };
		2CB3A36C21FBD45200E82209 /* ProductsListRepositoryInput.swift */ = {isa = PBXFileReference; lastKnownFileType = sourcecode.swift; path = ProductsListRepositoryInput.swift; sourceTree = "<group>"; };
		2CB3A36E21FBD49A00E82209 /* ProductsListRepositoryResponseProtocol.swift */ = {isa = PBXFileReference; lastKnownFileType = sourcecode.swift; path = ProductsListRepositoryResponseProtocol.swift; sourceTree = "<group>"; };
		2CB3A37021FBD4CE00E82209 /* ProductsListRepositoryError.swift */ = {isa = PBXFileReference; lastKnownFileType = sourcecode.swift; path = ProductsListRepositoryError.swift; sourceTree = "<group>"; };
		2CB3A37221FBFD0A00E82209 /* error-mock.json */ = {isa = PBXFileReference; fileEncoding = 4; lastKnownFileType = text.json; path = "error-mock.json"; sourceTree = "<group>"; };
		2CB3A37421FC1D2700E82209 /* Router.swift */ = {isa = PBXFileReference; lastKnownFileType = sourcecode.swift; path = Router.swift; sourceTree = "<group>"; };
		2CB3A37621FC1E3900E82209 /* ProductsListPresenter.swift */ = {isa = PBXFileReference; lastKnownFileType = sourcecode.swift; path = ProductsListPresenter.swift; sourceTree = "<group>"; };
		2CB3A37821FC1F4400E82209 /* ProductsListInteractor.swift */ = {isa = PBXFileReference; lastKnownFileType = sourcecode.swift; path = ProductsListInteractor.swift; sourceTree = "<group>"; };
		2CB3A37A21FC201200E82209 /* AliexpressApiConnector.swift */ = {isa = PBXFileReference; lastKnownFileType = sourcecode.swift; path = AliexpressApiConnector.swift; sourceTree = "<group>"; };
		2CB3A37C21FC2B6900E82209 /* CategoriesViewController.swift */ = {isa = PBXFileReference; lastKnownFileType = sourcecode.swift; path = CategoriesViewController.swift; sourceTree = "<group>"; };
		2CB3A38021FC2BAA00E82209 /* CategoriesInteractor.swift */ = {isa = PBXFileReference; lastKnownFileType = sourcecode.swift; path = CategoriesInteractor.swift; sourceTree = "<group>"; };
		2CB3A38221FC2BB800E82209 /* CategoriesInteractorInput.swift */ = {isa = PBXFileReference; lastKnownFileType = sourcecode.swift; path = CategoriesInteractorInput.swift; sourceTree = "<group>"; };
		2CB3A38421FC2BC300E82209 /* CategoriesInteractorOutput.swift */ = {isa = PBXFileReference; lastKnownFileType = sourcecode.swift; path = CategoriesInteractorOutput.swift; sourceTree = "<group>"; };
		2CB3A38621FC393900E82209 /* CategoriesPresenter.swift */ = {isa = PBXFileReference; lastKnownFileType = sourcecode.swift; path = CategoriesPresenter.swift; sourceTree = "<group>"; };
		2CB3A38821FC394C00E82209 /* CategoriesPresenterInput.swift */ = {isa = PBXFileReference; lastKnownFileType = sourcecode.swift; path = CategoriesPresenterInput.swift; sourceTree = "<group>"; };
		2CB3A38A21FC395C00E82209 /* CategoriesPresenterOutput.swift */ = {isa = PBXFileReference; lastKnownFileType = sourcecode.swift; path = CategoriesPresenterOutput.swift; sourceTree = "<group>"; };
		2CB3A38C21FC402400E82209 /* CategoryTableViewCell.swift */ = {isa = PBXFileReference; lastKnownFileType = sourcecode.swift; path = CategoryTableViewCell.swift; sourceTree = "<group>"; };
		2CB3A38F21FC7EB400E82209 /* GeneratedLocalizableStrings.swift */ = {isa = PBXFileReference; fileEncoding = 4; lastKnownFileType = sourcecode.swift; path = GeneratedLocalizableStrings.swift; sourceTree = "<group>"; };
		2CB3A39121FC80FD00E82209 /* String+ NSLocalizedString.swift */ = {isa = PBXFileReference; lastKnownFileType = sourcecode.swift; path = "String+ NSLocalizedString.swift"; sourceTree = "<group>"; };
		2CB3A39321FC86E500E82209 /* ProductsListViewController.swift */ = {isa = PBXFileReference; lastKnownFileType = sourcecode.swift; path = ProductsListViewController.swift; sourceTree = "<group>"; };
		2CB3A39521FC8A8600E82209 /* ProductCollectionViewCell.swift */ = {isa = PBXFileReference; lastKnownFileType = sourcecode.swift; path = ProductCollectionViewCell.swift; sourceTree = "<group>"; };
		2CB3A39721FC8BB900E82209 /* ImageLoader.swift */ = {isa = PBXFileReference; lastKnownFileType = sourcecode.swift; path = ImageLoader.swift; sourceTree = "<group>"; };
		2CB3A39921FC8CBB00E82209 /* AliexpressImageLoader.swift */ = {isa = PBXFileReference; lastKnownFileType = sourcecode.swift; path = AliexpressImageLoader.swift; sourceTree = "<group>"; };
		2CB3A39E21FCA49300E82209 /* ProductsListInteractorOutput.swift */ = {isa = PBXFileReference; lastKnownFileType = sourcecode.swift; path = ProductsListInteractorOutput.swift; sourceTree = "<group>"; };
		2CB3A3A021FCA59700E82209 /* ProductsListInteractorInput.swift */ = {isa = PBXFileReference; lastKnownFileType = sourcecode.swift; path = ProductsListInteractorInput.swift; sourceTree = "<group>"; };
		2CB3A3A321FCD57500E82209 /* RouterInput.swift */ = {isa = PBXFileReference; lastKnownFileType = sourcecode.swift; path = RouterInput.swift; sourceTree = "<group>"; };
		2CB3A3A521FCD71900E82209 /* Mocks.swift */ = {isa = PBXFileReference; fileEncoding = 4; lastKnownFileType = sourcecode.swift; path = Mocks.swift; sourceTree = "<group>"; };
		2CB3A3A921FCE37200E82209 /* ProductsListPresenterOutput.swift */ = {isa = PBXFileReference; lastKnownFileType = sourcecode.swift; path = ProductsListPresenterOutput.swift; sourceTree = "<group>"; };
		2CB3A3AB21FCE38F00E82209 /* ProductsListPresenterInput.swift */ = {isa = PBXFileReference; lastKnownFileType = sourcecode.swift; path = ProductsListPresenterInput.swift; sourceTree = "<group>"; };
		2CB3A3AD21FCFBD100E82209 /* ProductsListInteractorTests.swift */ = {isa = PBXFileReference; lastKnownFileType = sourcecode.swift; path = ProductsListInteractorTests.swift; sourceTree = "<group>"; };
		2CDF2C5F21FB90E6000A7221 /* Aliexpress-localizable.strings */ = {isa = PBXFileReference; lastKnownFileType = text.plist.strings; path = "Aliexpress-localizable.strings"; sourceTree = "<group>"; };
		72CFBDE6DE4C7520E250805E /* libPods-Aliexpress.a */ = {isa = PBXFileReference; explicitFileType = archive.ar; includeInIndex = 0; path = "libPods-Aliexpress.a"; sourceTree = BUILT_PRODUCTS_DIR; };
		746002C8CB06A6FC19C8A9DE /* Pods-Aliexpress.debug.xcconfig */ = {isa = PBXFileReference; includeInIndex = 1; lastKnownFileType = text.xcconfig; name = "Pods-Aliexpress.debug.xcconfig"; path = "Pods/Target Support Files/Pods-Aliexpress/Pods-Aliexpress.debug.xcconfig"; sourceTree = "<group>"; };
		756533B713FC5D6DC0351575 /* libPods-AliexpressUITests.a */ = {isa = PBXFileReference; explicitFileType = archive.ar; includeInIndex = 0; path = "libPods-AliexpressUITests.a"; sourceTree = BUILT_PRODUCTS_DIR; };
		D5A4EFEA322E716EBDCF4EED /* Pods-Aliexpress-AliexpressTests.release.xcconfig */ = {isa = PBXFileReference; includeInIndex = 1; lastKnownFileType = text.xcconfig; name = "Pods-Aliexpress-AliexpressTests.release.xcconfig"; path = "Pods/Target Support Files/Pods-Aliexpress-AliexpressTests/Pods-Aliexpress-AliexpressTests.release.xcconfig"; sourceTree = "<group>"; };
		E179032D7D6D655E1746F352 /* Pods-AliexpressUITests.debug.xcconfig */ = {isa = PBXFileReference; includeInIndex = 1; lastKnownFileType = text.xcconfig; name = "Pods-AliexpressUITests.debug.xcconfig"; path = "Pods/Target Support Files/Pods-AliexpressUITests/Pods-AliexpressUITests.debug.xcconfig"; sourceTree = "<group>"; };
		E2F76E2EA3A711F3869E5C0D /* Pods-Aliexpress.release.xcconfig */ = {isa = PBXFileReference; includeInIndex = 1; lastKnownFileType = text.xcconfig; name = "Pods-Aliexpress.release.xcconfig"; path = "Pods/Target Support Files/Pods-Aliexpress/Pods-Aliexpress.release.xcconfig"; sourceTree = "<group>"; };
/* End PBXFileReference section */

/* Begin PBXFrameworksBuildPhase section */
		2C371FDC21FB8A6100CDC8A5 /* Frameworks */ = {
			isa = PBXFrameworksBuildPhase;
			buildActionMask = 2147483647;
			files = (
				BAC71AA4E01868902763A748 /* libPods-Aliexpress.a in Frameworks */,
			);
			runOnlyForDeploymentPostprocessing = 0;
		};
		2C371FF021FB8A6700CDC8A5 /* Frameworks */ = {
			isa = PBXFrameworksBuildPhase;
			buildActionMask = 2147483647;
			files = (
				396AB48AED5061230F4B3CBF /* libPods-Aliexpress-AliexpressTests.a in Frameworks */,
			);
			runOnlyForDeploymentPostprocessing = 0;
		};
		2C371FFB21FB8A6700CDC8A5 /* Frameworks */ = {
			isa = PBXFrameworksBuildPhase;
			buildActionMask = 2147483647;
			files = (
				A44572E260617A32B771EC9A /* libPods-AliexpressUITests.a in Frameworks */,
			);
			runOnlyForDeploymentPostprocessing = 0;
		};
/* End PBXFrameworksBuildPhase section */

/* Begin PBXGroup section */
		2C08AC3121FB9AB0002AAC99 /* Classes */ = {
			isa = PBXGroup;
			children = (
				2C371FE221FB8A6100CDC8A5 /* AppDelegate.swift */,
				2CB3A39121FC80FD00E82209 /* String+ NSLocalizedString.swift */,
				2CB3A32821FBA54D00E82209 /* Categories */,
				2CB3A3AF21FD167800E82209 /* Network */,
				2CB3A32A21FBA56A00E82209 /* ProductDetails */,
				2CB3A32921FBA55600E82209 /* ProductsList */,
				2CB3A3A221FCD55F00E82209 /* Routeur */,
			);
			path = Classes;
			sourceTree = "<group>";
		};
		2C371FD621FB8A6100CDC8A5 = {
			isa = PBXGroup;
			children = (
				2C371FE121FB8A6100CDC8A5 /* Aliexpress */,
				2C371FF621FB8A6700CDC8A5 /* AliexpressTests */,
				2C37200121FB8A6700CDC8A5 /* AliexpressUITests */,
				2C371FE021FB8A6100CDC8A5 /* Products */,
				5807A315F4B6BA8E94A1EF45 /* Pods */,
				4547A0F6F971074A96785CF6 /* Frameworks */,
			);
			sourceTree = "<group>";
		};
		2C371FE021FB8A6100CDC8A5 /* Products */ = {
			isa = PBXGroup;
			children = (
				2C371FDF21FB8A6100CDC8A5 /* Aliexpress.app */,
				2C371FF321FB8A6700CDC8A5 /* AliexpressTests.xctest */,
				2C371FFE21FB8A6700CDC8A5 /* AliexpressUITests.xctest */,
			);
			name = Products;
			sourceTree = "<group>";
		};
		2C371FE121FB8A6100CDC8A5 /* Aliexpress */ = {
			isa = PBXGroup;
			children = (
				2C08AC3121FB9AB0002AAC99 /* Classes */,
				2C9E3B9321FB9197009E696B /* Generated */,
				2CDF2C5E21FB90BF000A7221 /* Ressources */,
				2C371FE621FB8A6100CDC8A5 /* Main.storyboard */,
				2C371FEB21FB8A6700CDC8A5 /* LaunchScreen.storyboard */,
				2C371FEE21FB8A6700CDC8A5 /* Info.plist */,
			);
			path = Aliexpress;
			sourceTree = "<group>";
		};
		2C371FF621FB8A6700CDC8A5 /* AliexpressTests */ = {
			isa = PBXGroup;
			children = (
				2CB3A34B21FBBE2100E82209 /* Classes */,
				2CB3A34121FBB9CA00E82209 /* Mocks */,
				2C61127A21FBA08C00B6A86D /* Generated */,
				2C371FF921FB8A6700CDC8A5 /* Info.plist */,
			);
			path = AliexpressTests;
			sourceTree = "<group>";
		};
		2C37200121FB8A6700CDC8A5 /* AliexpressUITests */ = {
			isa = PBXGroup;
			children = (
				2C37200221FB8A6700CDC8A5 /* AliexpressUITests.swift */,
				2C37200421FB8A6700CDC8A5 /* Info.plist */,
			);
			path = AliexpressUITests;
			sourceTree = "<group>";
		};
		2C61127A21FBA08C00B6A86D /* Generated */ = {
			isa = PBXGroup;
			children = (
				2CB3A3A521FCD71900E82209 /* Mocks.swift */,
			);
			path = Generated;
			sourceTree = "<group>";
		};
		2C9E3B9321FB9197009E696B /* Generated */ = {
			isa = PBXGroup;
			children = (
				2C9E3B9521FB9197009E696B /* GeneratedAssets.swift */,
				2CB3A38F21FC7EB400E82209 /* GeneratedLocalizableStrings.swift */,
				2C9E3B9421FB9197009E696B /* Storyboards.swift */,
			);
			path = Generated;
			sourceTree = "<group>";
		};
		2CB3A32821FBA54D00E82209 /* Categories */ = {
			isa = PBXGroup;
			children = (
				2CB3A38E21FC7A2200E82209 /* Presenter */,
				2CB3A37F21FC2B8900E82209 /* Interactor */,
				2CB3A37E21FC2B7400E82209 /* View */,
				2CB3A32F21FBA9CC00E82209 /* Repository */,
			);
			path = Categories;
			sourceTree = "<group>";
		};
		2CB3A32921FBA55600E82209 /* ProductsList */ = {
			isa = PBXGroup;
			children = (
				2CB3A39D21FCA47000E82209 /* Interactor */,
				2CB3A39B21FCA45000E82209 /* Presenter */,
				2CB3A36721FBD3ED00E82209 /* Repository */,
				2CB3A39C21FCA46100E82209 /* View */,
			);
			path = ProductsList;
			sourceTree = "<group>";
		};
		2CB3A32A21FBA56A00E82209 /* ProductDetails */ = {
			isa = PBXGroup;
			children = (
			);
			path = ProductDetails;
			sourceTree = "<group>";
		};
		2CB3A32F21FBA9CC00E82209 /* Repository */ = {
			isa = PBXGroup;
			children = (
				2CB3A32B21FBA62B00E82209 /* CategoriesRepository.swift */,
				2CB3A33521FBABDF00E82209 /* CategoriesRepositoryError.swift */,
				2CB3A32D21FBA95400E82209 /* CategoriesRepositoryInput.swift */,
				2CB3A33321FBAB4F00E82209 /* CategoriesRepositoryResponseProtocol.swift */,
			);
			path = Repository;
			sourceTree = "<group>";
		};
		2CB3A33021FBA9E800E82209 /* Categories */ = {
			isa = PBXGroup;
			children = (
				2CB3A33121FBA9FF00E82209 /* CategoriesRepositoryTests.swift */,
			);
			path = Categories;
			sourceTree = "<group>";
		};
		2CB3A34121FBB9CA00E82209 /* Mocks */ = {
			isa = PBXGroup;
			children = (
				2CB3A34321FBBA9A00E82209 /* products-list-mock.json */,
				2CB3A37221FBFD0A00E82209 /* error-mock.json */,
				2CB3A35921FBC43300E82209 /* product-aggregation-mock.json */,
				2CB3A34521FBBAE500E82209 /* product-item-mock.json */,
				2CB3A35321FBC2A900E82209 /* product-price-mock.json */,
			);
			path = Mocks;
			sourceTree = "<group>";
		};
		2CB3A34B21FBBE2100E82209 /* Classes */ = {
			isa = PBXGroup;
			children = (
				2CB3A34C21FBBE3400E82209 /* ProductsList */,
				2CB3A33021FBA9E800E82209 /* Categories */,
				2CB3A34F21FBBEB700E82209 /* File.swift */,
			);
			path = Classes;
			sourceTree = "<group>";
		};
		2CB3A34C21FBBE3400E82209 /* ProductsList */ = {
			isa = PBXGroup;
			children = (
				2CB3A36121FBCC3000E82209 /* Repository */,
			);
			path = ProductsList;
			sourceTree = "<group>";
		};
		2CB3A36121FBCC3000E82209 /* Repository */ = {
			isa = PBXGroup;
			children = (
				2CB3A36221FBCC4900E82209 /* Models */,
				2CB3A36321FBCC7500E82209 /* ProductsListRepositoryTests.swift */,
				2CB3A3AD21FCFBD100E82209 /* ProductsListInteractorTests.swift */,
			);
			path = Repository;
			sourceTree = "<group>";
		};
		2CB3A36221FBCC4900E82209 /* Models */ = {
			isa = PBXGroup;
			children = (
				2CB3A34D21FBBE5900E82209 /* ProductItemTests.swift */,
				2CB3A35121FBC27B00E82209 /* ProductPriceTests.swift */,
				2CB3A35721FBC3EB00E82209 /* ProductAggregationTests.swift */,
				2CB3A35F21FBC73D00E82209 /* ProductsListTests.swift */,
			);
			path = Models;
			sourceTree = "<group>";
		};
		2CB3A36721FBD3ED00E82209 /* Repository */ = {
			isa = PBXGroup;
			children = (
				2CB3A36821FBD40400E82209 /* Model */,
				2CB3A36A21FBD44400E82209 /* ProductsListRepository.swift */,
				2CB3A36C21FBD45200E82209 /* ProductsListRepositoryInput.swift */,
				2CB3A36E21FBD49A00E82209 /* ProductsListRepositoryResponseProtocol.swift */,
				2CB3A37021FBD4CE00E82209 /* ProductsListRepositoryError.swift */,
			);
			path = Repository;
			sourceTree = "<group>";
		};
		2CB3A36821FBD40400E82209 /* Model */ = {
			isa = PBXGroup;
			children = (
				2CB3A34721FBBB6B00E82209 /* ProductItem.swift */,
				2CB3A34921FBBE0100E82209 /* ProductPrice.swift */,
				2CB3A35521FBC34700E82209 /* ProductAggregation.swift */,
				2CB3A35B21FBC62D00E82209 /* ProductsList.swift */,
			);
			path = Model;
			sourceTree = "<group>";
		};
		2CB3A37E21FC2B7400E82209 /* View */ = {
			isa = PBXGroup;
			children = (
				2CB3A37C21FC2B6900E82209 /* CategoriesViewController.swift */,
				2CB3A38C21FC402400E82209 /* CategoryTableViewCell.swift */,
			);
			path = View;
			sourceTree = "<group>";
		};
		2CB3A37F21FC2B8900E82209 /* Interactor */ = {
			isa = PBXGroup;
			children = (
				2CB3A38021FC2BAA00E82209 /* CategoriesInteractor.swift */,
				2CB3A38221FC2BB800E82209 /* CategoriesInteractorInput.swift */,
				2CB3A38421FC2BC300E82209 /* CategoriesInteractorOutput.swift */,
			);
			path = Interactor;
			sourceTree = "<group>";
		};
		2CB3A38E21FC7A2200E82209 /* Presenter */ = {
			isa = PBXGroup;
			children = (
				2CB3A38621FC393900E82209 /* CategoriesPresenter.swift */,
				2CB3A38821FC394C00E82209 /* CategoriesPresenterInput.swift */,
				2CB3A38A21FC395C00E82209 /* CategoriesPresenterOutput.swift */,
			);
			path = Presenter;
			sourceTree = "<group>";
		};
		2CB3A39B21FCA45000E82209 /* Presenter */ = {
			isa = PBXGroup;
			children = (
				2CB3A37621FC1E3900E82209 /* ProductsListPresenter.swift */,
				2CB3A3A921FCE37200E82209 /* ProductsListPresenterOutput.swift */,
				2CB3A3AB21FCE38F00E82209 /* ProductsListPresenterInput.swift */,
			);
			path = Presenter;
			sourceTree = "<group>";
		};
		2CB3A39C21FCA46100E82209 /* View */ = {
			isa = PBXGroup;
			children = (
				2CB3A39521FC8A8600E82209 /* ProductCollectionViewCell.swift */,
				2CB3A39321FC86E500E82209 /* ProductsListViewController.swift */,
			);
			path = View;
			sourceTree = "<group>";
		};
		2CB3A39D21FCA47000E82209 /* Interactor */ = {
			isa = PBXGroup;
			children = (
				2CB3A37821FC1F4400E82209 /* ProductsListInteractor.swift */,
				2CB3A3A021FCA59700E82209 /* ProductsListInteractorInput.swift */,
				2CB3A39E21FCA49300E82209 /* ProductsListInteractorOutput.swift */,
			);
			path = Interactor;
			sourceTree = "<group>";
		};
		2CB3A3A221FCD55F00E82209 /* Routeur */ = {
			isa = PBXGroup;
			children = (
				2CB3A37421FC1D2700E82209 /* Router.swift */,
				2CB3A3A321FCD57500E82209 /* RouterInput.swift */,
			);
			path = Routeur;
			sourceTree = "<group>";
		};
		2CB3A3AF21FD167800E82209 /* Network */ = {
			isa = PBXGroup;
			children = (
				2CB3A37A21FC201200E82209 /* AliexpressApiConnector.swift */,
				2CB3A39921FC8CBB00E82209 /* AliexpressImageLoader.swift */,
				2CB3A36521FBCDC400E82209 /* ApiConnector.swift */,
				2CB3A39721FC8BB900E82209 /* ImageLoader.swift */,
			);
			path = Network;
			sourceTree = "<group>";
		};
		2CDF2C5E21FB90BF000A7221 /* Ressources */ = {
			isa = PBXGroup;
			children = (
				2CDF2C5F21FB90E6000A7221 /* Aliexpress-localizable.strings */,
				2C9E3B9121FB916D009E696B /* Assets.xcassets */,
			);
			path = Ressources;
			sourceTree = "<group>";
		};
		4547A0F6F971074A96785CF6 /* Frameworks */ = {
			isa = PBXGroup;
			children = (
				72CFBDE6DE4C7520E250805E /* libPods-Aliexpress.a */,
				1040050AE16921D5EBB835E0 /* libPods-Aliexpress-AliexpressTests.a */,
				756533B713FC5D6DC0351575 /* libPods-AliexpressUITests.a */,
			);
			name = Frameworks;
			sourceTree = "<group>";
		};
		5807A315F4B6BA8E94A1EF45 /* Pods */ = {
			isa = PBXGroup;
			children = (
				746002C8CB06A6FC19C8A9DE /* Pods-Aliexpress.debug.xcconfig */,
				E2F76E2EA3A711F3869E5C0D /* Pods-Aliexpress.release.xcconfig */,
				0F99AC55327CB9750DE7EDFD /* Pods-Aliexpress-AliexpressTests.debug.xcconfig */,
				D5A4EFEA322E716EBDCF4EED /* Pods-Aliexpress-AliexpressTests.release.xcconfig */,
				E179032D7D6D655E1746F352 /* Pods-AliexpressUITests.debug.xcconfig */,
				06F0536E0E4B9FC56BDB13E2 /* Pods-AliexpressUITests.release.xcconfig */,
			);
			name = Pods;
			sourceTree = "<group>";
		};
/* End PBXGroup section */

/* Begin PBXNativeTarget section */
		2C371FDE21FB8A6100CDC8A5 /* Aliexpress */ = {
			isa = PBXNativeTarget;
			buildConfigurationList = 2C37200721FB8A6700CDC8A5 /* Build configuration list for PBXNativeTarget "Aliexpress" */;
			buildPhases = (
				CFF391A9874A0392A6AFBA68 /* [CP] Check Pods Manifest.lock */,
				2C371FDB21FB8A6100CDC8A5 /* Sources */,
				2C371FDC21FB8A6100CDC8A5 /* Frameworks */,
				2C371FDD21FB8A6100CDC8A5 /* Resources */,
				2CDF2C5D21FB8F85000A7221 /* SwiftGen */,
			);
			buildRules = (
			);
			dependencies = (
			);
			name = Aliexpress;
			productName = Aliexpress;
			productReference = 2C371FDF21FB8A6100CDC8A5 /* Aliexpress.app */;
			productType = "com.apple.product-type.application";
		};
		2C371FF221FB8A6700CDC8A5 /* AliexpressTests */ = {
			isa = PBXNativeTarget;
			buildConfigurationList = 2C37200A21FB8A6700CDC8A5 /* Build configuration list for PBXNativeTarget "AliexpressTests" */;
			buildPhases = (
				85906A8E522DCFD80A90FB15 /* [CP] Check Pods Manifest.lock */,
				2C371FEF21FB8A6700CDC8A5 /* Sources */,
				2C371FF021FB8A6700CDC8A5 /* Frameworks */,
				2C371FF121FB8A6700CDC8A5 /* Resources */,
			);
			buildRules = (
			);
			dependencies = (
				2C371FF521FB8A6700CDC8A5 /* PBXTargetDependency */,
			);
			name = AliexpressTests;
			productName = AliexpressTests;
			productReference = 2C371FF321FB8A6700CDC8A5 /* AliexpressTests.xctest */;
			productType = "com.apple.product-type.bundle.unit-test";
		};
		2C371FFD21FB8A6700CDC8A5 /* AliexpressUITests */ = {
			isa = PBXNativeTarget;
			buildConfigurationList = 2C37200D21FB8A6700CDC8A5 /* Build configuration list for PBXNativeTarget "AliexpressUITests" */;
			buildPhases = (
				D11257F7AB00ECE395C5D54B /* [CP] Check Pods Manifest.lock */,
				2C371FFA21FB8A6700CDC8A5 /* Sources */,
				2C371FFB21FB8A6700CDC8A5 /* Frameworks */,
				2C371FFC21FB8A6700CDC8A5 /* Resources */,
			);
			buildRules = (
			);
			dependencies = (
				2C37200021FB8A6700CDC8A5 /* PBXTargetDependency */,
			);
			name = AliexpressUITests;
			productName = AliexpressUITests;
			productReference = 2C371FFE21FB8A6700CDC8A5 /* AliexpressUITests.xctest */;
			productType = "com.apple.product-type.bundle.ui-testing";
		};
/* End PBXNativeTarget section */

/* Begin PBXProject section */
		2C371FD721FB8A6100CDC8A5 /* Project object */ = {
			isa = PBXProject;
			attributes = {
				LastSwiftUpdateCheck = 1010;
				LastUpgradeCheck = 1010;
				ORGANIZATIONNAME = "Johnson-Richie Louis";
				TargetAttributes = {
					2C371FDE21FB8A6100CDC8A5 = {
						CreatedOnToolsVersion = 10.1;
					};
					2C371FF221FB8A6700CDC8A5 = {
						CreatedOnToolsVersion = 10.1;
						TestTargetID = 2C371FDE21FB8A6100CDC8A5;
					};
					2C371FFD21FB8A6700CDC8A5 = {
						CreatedOnToolsVersion = 10.1;
						TestTargetID = 2C371FDE21FB8A6100CDC8A5;
					};
				};
			};
			buildConfigurationList = 2C371FDA21FB8A6100CDC8A5 /* Build configuration list for PBXProject "Aliexpress" */;
			compatibilityVersion = "Xcode 9.3";
			developmentRegion = en;
			hasScannedForEncodings = 0;
			knownRegions = (
				en,
				Base,
			);
			mainGroup = 2C371FD621FB8A6100CDC8A5;
			productRefGroup = 2C371FE021FB8A6100CDC8A5 /* Products */;
			projectDirPath = "";
			projectRoot = "";
			targets = (
				2C371FDE21FB8A6100CDC8A5 /* Aliexpress */,
				2C371FF221FB8A6700CDC8A5 /* AliexpressTests */,
				2C371FFD21FB8A6700CDC8A5 /* AliexpressUITests */,
			);
		};
/* End PBXProject section */

/* Begin PBXResourcesBuildPhase section */
		2C371FDD21FB8A6100CDC8A5 /* Resources */ = {
			isa = PBXResourcesBuildPhase;
			buildActionMask = 2147483647;
			files = (
				2C371FED21FB8A6700CDC8A5 /* LaunchScreen.storyboard in Resources */,
				2CDF2C6021FB90E6000A7221 /* Aliexpress-localizable.strings in Resources */,
				2C9E3B9221FB916D009E696B /* Assets.xcassets in Resources */,
				2C371FE821FB8A6100CDC8A5 /* Main.storyboard in Resources */,
			);
			runOnlyForDeploymentPostprocessing = 0;
		};
		2C371FF121FB8A6700CDC8A5 /* Resources */ = {
			isa = PBXResourcesBuildPhase;
			buildActionMask = 2147483647;
			files = (
				2CB3A35421FBC2A900E82209 /* product-price-mock.json in Resources */,
				2CB3A34621FBBAE500E82209 /* product-item-mock.json in Resources */,
				2CB3A37321FBFD0A00E82209 /* error-mock.json in Resources */,
				2CB3A35A21FBC43300E82209 /* product-aggregation-mock.json in Resources */,
				2CB3A34421FBBA9A00E82209 /* products-list-mock.json in Resources */,
			);
			runOnlyForDeploymentPostprocessing = 0;
		};
		2C371FFC21FB8A6700CDC8A5 /* Resources */ = {
			isa = PBXResourcesBuildPhase;
			buildActionMask = 2147483647;
			files = (
			);
			runOnlyForDeploymentPostprocessing = 0;
		};
/* End PBXResourcesBuildPhase section */

/* Begin PBXShellScriptBuildPhase section */
		2CDF2C5D21FB8F85000A7221 /* SwiftGen */ = {
			isa = PBXShellScriptBuildPhase;
			buildActionMask = 2147483647;
			files = (
			);
			inputFileListPaths = (
			);
			inputPaths = (
			);
			name = SwiftGen;
			outputFileListPaths = (
			);
			outputPaths = (
			);
			runOnlyForDeploymentPostprocessing = 0;
			shellPath = /bin/sh;
			shellScript = "./SwiftGenTemplates/swiftgen.sh\n";
		};
		85906A8E522DCFD80A90FB15 /* [CP] Check Pods Manifest.lock */ = {
			isa = PBXShellScriptBuildPhase;
			buildActionMask = 2147483647;
			files = (
			);
			inputFileListPaths = (
			);
			inputPaths = (
				"${PODS_PODFILE_DIR_PATH}/Podfile.lock",
				"${PODS_ROOT}/Manifest.lock",
			);
			name = "[CP] Check Pods Manifest.lock";
			outputFileListPaths = (
			);
			outputPaths = (
				"$(DERIVED_FILE_DIR)/Pods-Aliexpress-AliexpressTests-checkManifestLockResult.txt",
			);
			runOnlyForDeploymentPostprocessing = 0;
			shellPath = /bin/sh;
			shellScript = "diff \"${PODS_PODFILE_DIR_PATH}/Podfile.lock\" \"${PODS_ROOT}/Manifest.lock\" > /dev/null\nif [ $? != 0 ] ; then\n    # print error to STDERR\n    echo \"error: The sandbox is not in sync with the Podfile.lock. Run 'pod install' or update your CocoaPods installation.\" >&2\n    exit 1\nfi\n# This output is used by Xcode 'outputs' to avoid re-running this script phase.\necho \"SUCCESS\" > \"${SCRIPT_OUTPUT_FILE_0}\"\n";
			showEnvVarsInLog = 0;
		};
		CFF391A9874A0392A6AFBA68 /* [CP] Check Pods Manifest.lock */ = {
			isa = PBXShellScriptBuildPhase;
			buildActionMask = 2147483647;
			files = (
			);
			inputFileListPaths = (
			);
			inputPaths = (
				"${PODS_PODFILE_DIR_PATH}/Podfile.lock",
				"${PODS_ROOT}/Manifest.lock",
			);
			name = "[CP] Check Pods Manifest.lock";
			outputFileListPaths = (
			);
			outputPaths = (
				"$(DERIVED_FILE_DIR)/Pods-Aliexpress-checkManifestLockResult.txt",
			);
			runOnlyForDeploymentPostprocessing = 0;
			shellPath = /bin/sh;
			shellScript = "diff \"${PODS_PODFILE_DIR_PATH}/Podfile.lock\" \"${PODS_ROOT}/Manifest.lock\" > /dev/null\nif [ $? != 0 ] ; then\n    # print error to STDERR\n    echo \"error: The sandbox is not in sync with the Podfile.lock. Run 'pod install' or update your CocoaPods installation.\" >&2\n    exit 1\nfi\n# This output is used by Xcode 'outputs' to avoid re-running this script phase.\necho \"SUCCESS\" > \"${SCRIPT_OUTPUT_FILE_0}\"\n";
			showEnvVarsInLog = 0;
		};
		D11257F7AB00ECE395C5D54B /* [CP] Check Pods Manifest.lock */ = {
			isa = PBXShellScriptBuildPhase;
			buildActionMask = 2147483647;
			files = (
			);
			inputFileListPaths = (
			);
			inputPaths = (
				"${PODS_PODFILE_DIR_PATH}/Podfile.lock",
				"${PODS_ROOT}/Manifest.lock",
			);
			name = "[CP] Check Pods Manifest.lock";
			outputFileListPaths = (
			);
			outputPaths = (
				"$(DERIVED_FILE_DIR)/Pods-AliexpressUITests-checkManifestLockResult.txt",
			);
			runOnlyForDeploymentPostprocessing = 0;
			shellPath = /bin/sh;
			shellScript = "diff \"${PODS_PODFILE_DIR_PATH}/Podfile.lock\" \"${PODS_ROOT}/Manifest.lock\" > /dev/null\nif [ $? != 0 ] ; then\n    # print error to STDERR\n    echo \"error: The sandbox is not in sync with the Podfile.lock. Run 'pod install' or update your CocoaPods installation.\" >&2\n    exit 1\nfi\n# This output is used by Xcode 'outputs' to avoid re-running this script phase.\necho \"SUCCESS\" > \"${SCRIPT_OUTPUT_FILE_0}\"\n";
			showEnvVarsInLog = 0;
		};
/* End PBXShellScriptBuildPhase section */

/* Begin PBXSourcesBuildPhase section */
		2C371FDB21FB8A6100CDC8A5 /* Sources */ = {
			isa = PBXSourcesBuildPhase;
			buildActionMask = 2147483647;
			files = (
				2CB3A35621FBC34700E82209 /* ProductAggregation.swift in Sources */,
				2CB3A38B21FC395C00E82209 /* CategoriesPresenterOutput.swift in Sources */,
				2CB3A38921FC394C00E82209 /* CategoriesPresenterInput.swift in Sources */,
				2CB3A36B21FBD44400E82209 /* ProductsListRepository.swift in Sources */,
				2C9E3B9621FB9198009E696B /* Storyboards.swift in Sources */,
				2CB3A36D21FBD45200E82209 /* ProductsListRepositoryInput.swift in Sources */,
				2CB3A34821FBBB6B00E82209 /* ProductItem.swift in Sources */,
				2CB3A38121FC2BAA00E82209 /* CategoriesInteractor.swift in Sources */,
				2CB3A39A21FC8CBB00E82209 /* AliexpressImageLoader.swift in Sources */,
				2CB3A37721FC1E3900E82209 /* ProductsListPresenter.swift in Sources */,
				2CB3A37521FC1D2700E82209 /* Router.swift in Sources */,
				2CB3A36621FBCDC400E82209 /* ApiConnector.swift in Sources */,
				2CB3A32E21FBA95400E82209 /* CategoriesRepositoryInput.swift in Sources */,
				2CB3A38721FC393A00E82209 /* CategoriesPresenter.swift in Sources */,
				2CB3A39621FC8A8600E82209 /* ProductCollectionViewCell.swift in Sources */,
				2CB3A35C21FBC62D00E82209 /* ProductsList.swift in Sources */,
				2CB3A39F21FCA49300E82209 /* ProductsListInteractorOutput.swift in Sources */,
				2CB3A38321FC2BB800E82209 /* CategoriesInteractorInput.swift in Sources */,
				2CB3A37121FBD4CE00E82209 /* ProductsListRepositoryError.swift in Sources */,
				2CB3A39221FC80FD00E82209 /* String+ NSLocalizedString.swift in Sources */,
				2CB3A38D21FC402400E82209 /* CategoryTableViewCell.swift in Sources */,
				2CB3A36F21FBD49A00E82209 /* ProductsListRepositoryResponseProtocol.swift in Sources */,
				2CB3A39421FC86E500E82209 /* ProductsListViewController.swift in Sources */,
				2CB3A3AA21FCE37200E82209 /* ProductsListPresenterOutput.swift in Sources */,
				2CB3A33621FBABDF00E82209 /* CategoriesRepositoryError.swift in Sources */,
				2CB3A3A121FCA59700E82209 /* ProductsListInteractorInput.swift in Sources */,
				2CB3A33421FBAB4F00E82209 /* CategoriesRepositoryResponseProtocol.swift in Sources */,
				2CB3A3A421FCD57500E82209 /* RouterInput.swift in Sources */,
				2CB3A38521FC2BC300E82209 /* CategoriesInteractorOutput.swift in Sources */,
				2CB3A37B21FC201200E82209 /* AliexpressApiConnector.swift in Sources */,
				2CB3A34A21FBBE0100E82209 /* ProductPrice.swift in Sources */,
				2CB3A32C21FBA62B00E82209 /* CategoriesRepository.swift in Sources */,
				2CB3A39821FC8BB900E82209 /* ImageLoader.swift in Sources */,
				2C9E3B9721FB9198009E696B /* GeneratedAssets.swift in Sources */,
				2CB3A37921FC1F4400E82209 /* ProductsListInteractor.swift in Sources */,
				2CB3A3AC21FCE38F00E82209 /* ProductsListPresenterInput.swift in Sources */,
				2CB3A39021FC7EB500E82209 /* GeneratedLocalizableStrings.swift in Sources */,
				2CB3A37D21FC2B6900E82209 /* CategoriesViewController.swift in Sources */,
				2C371FE321FB8A6100CDC8A5 /* AppDelegate.swift in Sources */,
			);
			runOnlyForDeploymentPostprocessing = 0;
		};
		2C371FEF21FB8A6700CDC8A5 /* Sources */ = {
			isa = PBXSourcesBuildPhase;
			buildActionMask = 2147483647;
			files = (
				2CB3A3AE21FCFBD100E82209 /* ProductsListInteractorTests.swift in Sources */,
				2CB3A33221FBA9FF00E82209 /* CategoriesRepositoryTests.swift in Sources */,
				2CB3A35221FBC27B00E82209 /* ProductPriceTests.swift in Sources */,
				2CB3A36021FBC73D00E82209 /* ProductsListTests.swift in Sources */,
				2CB3A3A621FCD71900E82209 /* Mocks.swift in Sources */,
				2CB3A35021FBBEB700E82209 /* File.swift in Sources */,
				2CB3A34E21FBBE5900E82209 /* ProductItemTests.swift in Sources */,
				2CB3A35821FBC3EB00E82209 /* ProductAggregationTests.swift in Sources */,
				2CB3A36421FBCC7500E82209 /* ProductsListRepositoryTests.swift in Sources */,
			);
			runOnlyForDeploymentPostprocessing = 0;
		};
		2C371FFA21FB8A6700CDC8A5 /* Sources */ = {
			isa = PBXSourcesBuildPhase;
			buildActionMask = 2147483647;
			files = (
				2C37200321FB8A6700CDC8A5 /* AliexpressUITests.swift in Sources */,
			);
			runOnlyForDeploymentPostprocessing = 0;
		};
/* End PBXSourcesBuildPhase section */

/* Begin PBXTargetDependency section */
		2C371FF521FB8A6700CDC8A5 /* PBXTargetDependency */ = {
			isa = PBXTargetDependency;
			target = 2C371FDE21FB8A6100CDC8A5 /* Aliexpress */;
			targetProxy = 2C371FF421FB8A6700CDC8A5 /* PBXContainerItemProxy */;
		};
		2C37200021FB8A6700CDC8A5 /* PBXTargetDependency */ = {
			isa = PBXTargetDependency;
			target = 2C371FDE21FB8A6100CDC8A5 /* Aliexpress */;
			targetProxy = 2C371FFF21FB8A6700CDC8A5 /* PBXContainerItemProxy */;
		};
/* End PBXTargetDependency section */

/* Begin PBXVariantGroup section */
		2C371FE621FB8A6100CDC8A5 /* Main.storyboard */ = {
			isa = PBXVariantGroup;
			children = (
				2C371FE721FB8A6100CDC8A5 /* Base */,
			);
			name = Main.storyboard;
			sourceTree = "<group>";
		};
		2C371FEB21FB8A6700CDC8A5 /* LaunchScreen.storyboard */ = {
			isa = PBXVariantGroup;
			children = (
				2C371FEC21FB8A6700CDC8A5 /* Base */,
			);
			name = LaunchScreen.storyboard;
			sourceTree = "<group>";
		};
/* End PBXVariantGroup section */

/* Begin XCBuildConfiguration section */
		2C37200521FB8A6700CDC8A5 /* Debug */ = {
			isa = XCBuildConfiguration;
			buildSettings = {
				ALWAYS_SEARCH_USER_PATHS = NO;
				CLANG_ANALYZER_NONNULL = YES;
				CLANG_ANALYZER_NUMBER_OBJECT_CONVERSION = YES_AGGRESSIVE;
				CLANG_CXX_LANGUAGE_STANDARD = "gnu++14";
				CLANG_CXX_LIBRARY = "libc++";
				CLANG_ENABLE_MODULES = YES;
				CLANG_ENABLE_OBJC_ARC = YES;
				CLANG_ENABLE_OBJC_WEAK = YES;
				CLANG_WARN_BLOCK_CAPTURE_AUTORELEASING = YES;
				CLANG_WARN_BOOL_CONVERSION = YES;
				CLANG_WARN_COMMA = YES;
				CLANG_WARN_CONSTANT_CONVERSION = YES;
				CLANG_WARN_DEPRECATED_OBJC_IMPLEMENTATIONS = YES;
				CLANG_WARN_DIRECT_OBJC_ISA_USAGE = YES_ERROR;
				CLANG_WARN_DOCUMENTATION_COMMENTS = YES;
				CLANG_WARN_EMPTY_BODY = YES;
				CLANG_WARN_ENUM_CONVERSION = YES;
				CLANG_WARN_INFINITE_RECURSION = YES;
				CLANG_WARN_INT_CONVERSION = YES;
				CLANG_WARN_NON_LITERAL_NULL_CONVERSION = YES;
				CLANG_WARN_OBJC_IMPLICIT_RETAIN_SELF = YES;
				CLANG_WARN_OBJC_LITERAL_CONVERSION = YES;
				CLANG_WARN_OBJC_ROOT_CLASS = YES_ERROR;
				CLANG_WARN_RANGE_LOOP_ANALYSIS = YES;
				CLANG_WARN_STRICT_PROTOTYPES = YES;
				CLANG_WARN_SUSPICIOUS_MOVE = YES;
				CLANG_WARN_UNGUARDED_AVAILABILITY = YES_AGGRESSIVE;
				CLANG_WARN_UNREACHABLE_CODE = YES;
				CLANG_WARN__DUPLICATE_METHOD_MATCH = YES;
				CODE_SIGN_IDENTITY = "iPhone Developer";
				COPY_PHASE_STRIP = NO;
				DEBUG_INFORMATION_FORMAT = dwarf;
				ENABLE_STRICT_OBJC_MSGSEND = YES;
				ENABLE_TESTABILITY = YES;
				GCC_C_LANGUAGE_STANDARD = gnu11;
				GCC_DYNAMIC_NO_PIC = NO;
				GCC_NO_COMMON_BLOCKS = YES;
				GCC_OPTIMIZATION_LEVEL = 0;
				GCC_PREPROCESSOR_DEFINITIONS = (
					"DEBUG=1",
					"$(inherited)",
				);
				GCC_WARN_64_TO_32_BIT_CONVERSION = YES;
				GCC_WARN_ABOUT_RETURN_TYPE = YES_ERROR;
				GCC_WARN_UNDECLARED_SELECTOR = YES;
				GCC_WARN_UNINITIALIZED_AUTOS = YES_AGGRESSIVE;
				GCC_WARN_UNUSED_FUNCTION = YES;
				GCC_WARN_UNUSED_VARIABLE = YES;
				IPHONEOS_DEPLOYMENT_TARGET = 12.1;
				MTL_ENABLE_DEBUG_INFO = INCLUDE_SOURCE;
				MTL_FAST_MATH = YES;
				ONLY_ACTIVE_ARCH = YES;
				SDKROOT = iphoneos;
				SWIFT_ACTIVE_COMPILATION_CONDITIONS = DEBUG;
				SWIFT_OPTIMIZATION_LEVEL = "-Onone";
			};
			name = Debug;
		};
		2C37200621FB8A6700CDC8A5 /* Release */ = {
			isa = XCBuildConfiguration;
			buildSettings = {
				ALWAYS_SEARCH_USER_PATHS = NO;
				CLANG_ANALYZER_NONNULL = YES;
				CLANG_ANALYZER_NUMBER_OBJECT_CONVERSION = YES_AGGRESSIVE;
				CLANG_CXX_LANGUAGE_STANDARD = "gnu++14";
				CLANG_CXX_LIBRARY = "libc++";
				CLANG_ENABLE_MODULES = YES;
				CLANG_ENABLE_OBJC_ARC = YES;
				CLANG_ENABLE_OBJC_WEAK = YES;
				CLANG_WARN_BLOCK_CAPTURE_AUTORELEASING = YES;
				CLANG_WARN_BOOL_CONVERSION = YES;
				CLANG_WARN_COMMA = YES;
				CLANG_WARN_CONSTANT_CONVERSION = YES;
				CLANG_WARN_DEPRECATED_OBJC_IMPLEMENTATIONS = YES;
				CLANG_WARN_DIRECT_OBJC_ISA_USAGE = YES_ERROR;
				CLANG_WARN_DOCUMENTATION_COMMENTS = YES;
				CLANG_WARN_EMPTY_BODY = YES;
				CLANG_WARN_ENUM_CONVERSION = YES;
				CLANG_WARN_INFINITE_RECURSION = YES;
				CLANG_WARN_INT_CONVERSION = YES;
				CLANG_WARN_NON_LITERAL_NULL_CONVERSION = YES;
				CLANG_WARN_OBJC_IMPLICIT_RETAIN_SELF = YES;
				CLANG_WARN_OBJC_LITERAL_CONVERSION = YES;
				CLANG_WARN_OBJC_ROOT_CLASS = YES_ERROR;
				CLANG_WARN_RANGE_LOOP_ANALYSIS = YES;
				CLANG_WARN_STRICT_PROTOTYPES = YES;
				CLANG_WARN_SUSPICIOUS_MOVE = YES;
				CLANG_WARN_UNGUARDED_AVAILABILITY = YES_AGGRESSIVE;
				CLANG_WARN_UNREACHABLE_CODE = YES;
				CLANG_WARN__DUPLICATE_METHOD_MATCH = YES;
				CODE_SIGN_IDENTITY = "iPhone Developer";
				COPY_PHASE_STRIP = NO;
				DEBUG_INFORMATION_FORMAT = "dwarf-with-dsym";
				ENABLE_NS_ASSERTIONS = NO;
				ENABLE_STRICT_OBJC_MSGSEND = YES;
				GCC_C_LANGUAGE_STANDARD = gnu11;
				GCC_NO_COMMON_BLOCKS = YES;
				GCC_WARN_64_TO_32_BIT_CONVERSION = YES;
				GCC_WARN_ABOUT_RETURN_TYPE = YES_ERROR;
				GCC_WARN_UNDECLARED_SELECTOR = YES;
				GCC_WARN_UNINITIALIZED_AUTOS = YES_AGGRESSIVE;
				GCC_WARN_UNUSED_FUNCTION = YES;
				GCC_WARN_UNUSED_VARIABLE = YES;
				IPHONEOS_DEPLOYMENT_TARGET = 12.1;
				MTL_ENABLE_DEBUG_INFO = NO;
				MTL_FAST_MATH = YES;
				SDKROOT = iphoneos;
				SWIFT_COMPILATION_MODE = wholemodule;
				SWIFT_OPTIMIZATION_LEVEL = "-O";
				VALIDATE_PRODUCT = YES;
			};
			name = Release;
		};
		2C37200821FB8A6700CDC8A5 /* Debug */ = {
			isa = XCBuildConfiguration;
			baseConfigurationReference = 746002C8CB06A6FC19C8A9DE /* Pods-Aliexpress.debug.xcconfig */;
			buildSettings = {
				ASSETCATALOG_COMPILER_APPICON_NAME = AppIcon;
				CODE_SIGN_STYLE = Automatic;
				DEVELOPMENT_TEAM = "";
				INFOPLIST_FILE = Aliexpress/Info.plist;
				LD_RUNPATH_SEARCH_PATHS = (
					"$(inherited)",
					"@executable_path/Frameworks",
				);
				PRODUCT_BUNDLE_IDENTIFIER = com.chichi29.Aliexpress;
				PRODUCT_NAME = "$(TARGET_NAME)";
				SWIFT_VERSION = 4.2;
				TARGETED_DEVICE_FAMILY = "1,2";
			};
			name = Debug;
		};
		2C37200921FB8A6700CDC8A5 /* Release */ = {
			isa = XCBuildConfiguration;
			baseConfigurationReference = E2F76E2EA3A711F3869E5C0D /* Pods-Aliexpress.release.xcconfig */;
			buildSettings = {
				ASSETCATALOG_COMPILER_APPICON_NAME = AppIcon;
				CODE_SIGN_STYLE = Automatic;
				DEVELOPMENT_TEAM = "";
				INFOPLIST_FILE = Aliexpress/Info.plist;
				LD_RUNPATH_SEARCH_PATHS = (
					"$(inherited)",
					"@executable_path/Frameworks",
				);
				PRODUCT_BUNDLE_IDENTIFIER = com.chichi29.Aliexpress;
				PRODUCT_NAME = "$(TARGET_NAME)";
				SWIFT_VERSION = 4.2;
				TARGETED_DEVICE_FAMILY = "1,2";
			};
			name = Release;
		};
		2C37200B21FB8A6700CDC8A5 /* Debug */ = {
			isa = XCBuildConfiguration;
			baseConfigurationReference = 0F99AC55327CB9750DE7EDFD /* Pods-Aliexpress-AliexpressTests.debug.xcconfig */;
			buildSettings = {
				ALWAYS_EMBED_SWIFT_STANDARD_LIBRARIES = YES;
				BUNDLE_LOADER = "$(TEST_HOST)";
				CODE_SIGN_STYLE = Automatic;
				INFOPLIST_FILE = AliexpressTests/Info.plist;
				LD_RUNPATH_SEARCH_PATHS = (
					"$(inherited)",
					"@executable_path/Frameworks",
					"@loader_path/Frameworks",
				);
				PRODUCT_BUNDLE_IDENTIFIER = com.chichi29.AliexpressTests;
				PRODUCT_NAME = "$(TARGET_NAME)";
				SWIFT_VERSION = 4.2;
				TARGETED_DEVICE_FAMILY = "1,2";
				TEST_HOST = "$(BUILT_PRODUCTS_DIR)/Aliexpress.app/Aliexpress";
			};
			name = Debug;
		};
		2C37200C21FB8A6700CDC8A5 /* Release */ = {
			isa = XCBuildConfiguration;
			baseConfigurationReference = D5A4EFEA322E716EBDCF4EED /* Pods-Aliexpress-AliexpressTests.release.xcconfig */;
			buildSettings = {
				ALWAYS_EMBED_SWIFT_STANDARD_LIBRARIES = YES;
				BUNDLE_LOADER = "$(TEST_HOST)";
				CODE_SIGN_STYLE = Automatic;
				INFOPLIST_FILE = AliexpressTests/Info.plist;
				LD_RUNPATH_SEARCH_PATHS = (
					"$(inherited)",
					"@executable_path/Frameworks",
					"@loader_path/Frameworks",
				);
				PRODUCT_BUNDLE_IDENTIFIER = com.chichi29.AliexpressTests;
				PRODUCT_NAME = "$(TARGET_NAME)";
				SWIFT_VERSION = 4.2;
				TARGETED_DEVICE_FAMILY = "1,2";
				TEST_HOST = "$(BUILT_PRODUCTS_DIR)/Aliexpress.app/Aliexpress";
			};
			name = Release;
		};
		2C37200E21FB8A6700CDC8A5 /* Debug */ = {
			isa = XCBuildConfiguration;
			baseConfigurationReference = E179032D7D6D655E1746F352 /* Pods-AliexpressUITests.debug.xcconfig */;
			buildSettings = {
				ALWAYS_EMBED_SWIFT_STANDARD_LIBRARIES = YES;
				CODE_SIGN_STYLE = Automatic;
				INFOPLIST_FILE = AliexpressUITests/Info.plist;
				LD_RUNPATH_SEARCH_PATHS = (
					"$(inherited)",
					"@executable_path/Frameworks",
					"@loader_path/Frameworks",
				);
				PRODUCT_BUNDLE_IDENTIFIER = com.chichi29.AliexpressUITests;
				PRODUCT_NAME = "$(TARGET_NAME)";
				SWIFT_VERSION = 4.2;
				TARGETED_DEVICE_FAMILY = "1,2";
				TEST_TARGET_NAME = Aliexpress;
			};
			name = Debug;
		};
		2C37200F21FB8A6700CDC8A5 /* Release */ = {
			isa = XCBuildConfiguration;
			baseConfigurationReference = 06F0536E0E4B9FC56BDB13E2 /* Pods-AliexpressUITests.release.xcconfig */;
			buildSettings = {
				ALWAYS_EMBED_SWIFT_STANDARD_LIBRARIES = YES;
				CODE_SIGN_STYLE = Automatic;
				INFOPLIST_FILE = AliexpressUITests/Info.plist;
				LD_RUNPATH_SEARCH_PATHS = (
					"$(inherited)",
					"@executable_path/Frameworks",
					"@loader_path/Frameworks",
				);
				PRODUCT_BUNDLE_IDENTIFIER = com.chichi29.AliexpressUITests;
				PRODUCT_NAME = "$(TARGET_NAME)";
				SWIFT_VERSION = 4.2;
				TARGETED_DEVICE_FAMILY = "1,2";
				TEST_TARGET_NAME = Aliexpress;
			};
			name = Release;
		};
/* End XCBuildConfiguration section */

/* Begin XCConfigurationList section */
		2C371FDA21FB8A6100CDC8A5 /* Build configuration list for PBXProject "Aliexpress" */ = {
			isa = XCConfigurationList;
			buildConfigurations = (
				2C37200521FB8A6700CDC8A5 /* Debug */,
				2C37200621FB8A6700CDC8A5 /* Release */,
			);
			defaultConfigurationIsVisible = 0;
			defaultConfigurationName = Release;
		};
		2C37200721FB8A6700CDC8A5 /* Build configuration list for PBXNativeTarget "Aliexpress" */ = {
			isa = XCConfigurationList;
			buildConfigurations = (
				2C37200821FB8A6700CDC8A5 /* Debug */,
				2C37200921FB8A6700CDC8A5 /* Release */,
			);
			defaultConfigurationIsVisible = 0;
			defaultConfigurationName = Release;
		};
		2C37200A21FB8A6700CDC8A5 /* Build configuration list for PBXNativeTarget "AliexpressTests" */ = {
			isa = XCConfigurationList;
			buildConfigurations = (
				2C37200B21FB8A6700CDC8A5 /* Debug */,
				2C37200C21FB8A6700CDC8A5 /* Release */,
			);
			defaultConfigurationIsVisible = 0;
			defaultConfigurationName = Release;
		};
		2C37200D21FB8A6700CDC8A5 /* Build configuration list for PBXNativeTarget "AliexpressUITests" */ = {
			isa = XCConfigurationList;
			buildConfigurations = (
				2C37200E21FB8A6700CDC8A5 /* Debug */,
				2C37200F21FB8A6700CDC8A5 /* Release */,
			);
			defaultConfigurationIsVisible = 0;
			defaultConfigurationName = Release;
		};
/* End XCConfigurationList section */
	};
	rootObject = 2C371FD721FB8A6100CDC8A5 /* Project object */;
}
