PODS:
  - Alamofire (4.8.1)
  - Kingfisher (5.1.0)
  - Nimble (7.3.2)
  - Sourcery (0.15.0)
  - SwiftGen (6.0.2)
  - SwiftLint (0.27.0)

DEPENDENCIES:
  - Alamofire (~> 4.8.1)
  - Kingfisher (~> 5.1)
  - Nimble (~> 7.3)
  - Sourcery (~> 0.15.0)
  - SwiftGen (~> 6.0.2)
  - SwiftLint (~> 0.27.0)

SPEC REPOS:
  https://github.com/cocoapods/specs.git:
    - Alamofire
    - Kingfisher
    - Nimble
    - Sourcery
    - SwiftGen
    - SwiftLint

SPEC CHECKSUMS:
  Alamofire: 16ce2c353fb72865124ddae8a57c5942388f4f11
  Kingfisher: fcec238063d17404fca89bf0a850583211c4cbf6
  Nimble: 5e94a8cacb355943c6c87198035dc4adbb0f10e4
  Sourcery: 5895672cae353cdbfa95f3f4aaeb75a664d76f6a
  SwiftGen: e5b047067aa84082826a0c4f1c4c2ddc95bcf74c
  SwiftLint: 3207c1faa2240bf8973b191820a116113cd11073

PODFILE CHECKSUM: 51fb9779c013a3c1f4304c734224de4be1229ffd

COCOAPODS: 1.5.3
