PODS:
  - Alamofire (4.9.1)
  - Kingfisher (5.12.0):
    - Kingfisher/Core (= 5.12.0)
  - Kingfisher/Core (5.12.0)
  - Nimble (8.0.4)
  - Sourcery (0.17.0)
  - SwiftGen (6.1.0)
  - SwiftLint (0.38.0)

DEPENDENCIES:
  - Alamofire (~> 4.9.1)
  - Kingfisher (~> 5.12.0)
  - Nimble (~> 8.0.4)
  - Sourcery (~> 0.17.0)
  - SwiftGen (~> 6.1.0)
  - SwiftLint (~> 0.38.0)

SPEC REPOS:
  trunk:
    - Alamofire
    - Kingfisher
    - Nimble
    - Sourcery
    - SwiftGen
    - SwiftLint

SPEC CHECKSUMS:
  Alamofire: 85e8a02c69d6020a0d734f6054870d7ecb75cf18
  Kingfisher: dc6e0f53bb5b12c3e75bedb0e01bbd7a640eea69
  Nimble: 18d5360282923225d62b09d781f63abc1a0111fc
  Sourcery: 3ed61be7c8a1218fce349266139379dba477efe0
  SwiftGen: f872ca75cbd17bf7103c17f13dcfa0d9a15667b0
  SwiftLint: 4105f061f9812b214568b736dab580ab2c73a582

PODFILE CHECKSUM: a9970c9880cd217cc2e1bdf49b8e7db009d189cb

COCOAPODS: 1.9.0.beta.2
